
Microsoft Visual Studio Solution File, Format Version 12.00
# Visual Studio Version 16
VisualStudioVersion = 16.0.30128.74
MinimumVisualStudioVersion = 10.0.40219.1
Project("{9A19103F-16F7-4668-BE54-9A1E7A4F7556}") = "SocialMedia.Api", "SocialMedia.Api\SocialMedia.Api.csproj", "{100D3B26-3F91-4434-9F63-1D9B3EF4C344}"
EndProject
Project("{9A19103F-16F7-4668-BE54-9A1E7A4F7556}") = "SocialMedia.Model", "SocialMedia.Core\SocialMedia.Model.csproj", "{B35CFB68-14C3-4028-89CD-9DB6AD9ACE8F}"
EndProject
Project("{9A19103F-16F7-4668-BE54-9A1E7A4F7556}") = "SocialMedia.Infrastructure", "SocialMedia.Infrastructure\SocialMedia.Infrastructure.csproj", "{57CF881A-B9BF-4509-A2E8-AAE2321C10F5}"
EndProject
Project("{2150E333-8FDC-42A3-9474-1A3956D46DE8}") = "Tests", "Tests", "{12D8F9D2-46CC-4558-9A1C-2EB0E8E31914}"
EndProject
Project("{9A19103F-16F7-4668-BE54-9A1E7A4F7556}") = "SocialMedia.UnitTests", "SocialMedia.UnitTests\SocialMedia.UnitTests.csproj", "{C8EB50CE-FD8F-468A-81D5-9162735F6506}"
EndProject
Project("{9A19103F-16F7-4668-BE54-9A1E7A4F7556}") = "SocialMedia.IntegrationTests", "SocialMedia.IntegrationTests\SocialMedia.IntegrationTests.csproj", "{C5A1B76B-216D-4DE8-A279-C42C113489D2}"
EndProject
Global
	GlobalSection(SolutionConfigurationPlatforms) = preSolution
		Debug|Any CPU = Debug|Any CPU
		Release|Any CPU = Release|Any CPU
	EndGlobalSection
	GlobalSection(ProjectConfigurationPlatforms) = postSolution
		{100D3B26-3F91-4434-9F63-1D9B3EF4C344}.Debug|Any CPU.ActiveCfg = Debug|Any CPU
		{100D3B26-3F91-4434-9F63-1D9B3EF4C344}.Debug|Any CPU.Build.0 = Debug|Any CPU
		{100D3B26-3F91-4434-9F63-1D9B3EF4C344}.Release|Any CPU.ActiveCfg = Release|Any CPU
		{100D3B26-3F91-4434-9F63-1D9B3EF4C344}.Release|Any CPU.Build.0 = Release|Any CPU
		{B35CFB68-14C3-4028-89CD-9DB6AD9ACE8F}.Debug|Any CPU.ActiveCfg = Debug|Any CPU
		{B35CFB68-14C3-4028-89CD-9DB6AD9ACE8F}.Debug|Any CPU.Build.0 = Debug|Any CPU
		{B35CFB68-14C3-4028-89CD-9DB6AD9ACE8F}.Release|Any CPU.ActiveCfg = Release|Any CPU
		{B35CFB68-14C3-4028-89CD-9DB6AD9ACE8F}.Release|Any CPU.Build.0 = Release|Any CPU
		{57CF881A-B9BF-4509-A2E8-AAE2321C10F5}.Debug|Any CPU.ActiveCfg = Debug|Any CPU
		{57CF881A-B9BF-4509-A2E8-AAE2321C10F5}.Debug|Any CPU.Build.0 = Debug|Any CPU
		{57CF881A-B9BF-4509-A2E8-AAE2321C10F5}.Release|Any CPU.ActiveCfg = Release|Any CPU
		{57CF881A-B9BF-4509-A2E8-AAE2321C10F5}.Release|Any CPU.Build.0 = Release|Any CPU
		{C8EB50CE-FD8F-468A-81D5-9162735F6506}.Debug|Any CPU.ActiveCfg = Debug|Any CPU
		{C8EB50CE-FD8F-468A-81D5-9162735F6506}.Debug|Any CPU.Build.0 = Debug|Any CPU
		{C8EB50CE-FD8F-468A-81D5-9162735F6506}.Release|Any CPU.ActiveCfg = Release|Any CPU
		{C8EB50CE-FD8F-468A-81D5-9162735F6506}.Release|Any CPU.Build.0 = Release|Any CPU
		{C5A1B76B-216D-4DE8-A279-C42C113489D2}.Debug|Any CPU.ActiveCfg = Debug|Any CPU
		{C5A1B76B-216D-4DE8-A279-C42C113489D2}.Debug|Any CPU.Build.0 = Debug|Any CPU
		{C5A1B76B-216D-4DE8-A279-C42C113489D2}.Release|Any CPU.ActiveCfg = Release|Any CPU
		{C5A1B76B-216D-4DE8-A279-C42C113489D2}.Release|Any CPU.Build.0 = Release|Any CPU
	EndGlobalSection
	GlobalSection(SolutionProperties) = preSolution
		HideSolutionNode = FALSE
	EndGlobalSection
	GlobalSection(NestedProjects) = preSolution
		{C8EB50CE-FD8F-468A-81D5-9162735F6506} = {12D8F9D2-46CC-4558-9A1C-2EB0E8E31914}
		{C5A1B76B-216D-4DE8-A279-C42C113489D2} = {12D8F9D2-46CC-4558-9A1C-2EB0E8E31914}
	EndGlobalSection
	GlobalSection(ExtensibilityGlobals) = postSolution
		SolutionGuid = {9E4E87C4-42F7-457A-85D8-78B9550F3BAB}
	EndGlobalSection
EndGlobal
